
Microsoft Visual Studio Solution File, Format Version 12.00
# Visual Studio Version 17
VisualStudioVersion = 17.10.35013.160
MinimumVisualStudioVersion = 10.0.40219.1
Project("{FAE04EC0-301F-11D3-BF4B-00C04F79EFBC}") = "LoginTest", "LoginTest\LoginTest.csproj", "{E8398EF3-EA31-48D2-A3A6-BBD538675D1A}"
EndProject
Global
	GlobalSection(SolutionConfigurationPlatforms) = preSolution
		Debug|Any CPU = Debug|Any CPU
		Release|Any CPU = Release|Any CPU
	EndGlobalSection
	GlobalSection(ProjectConfigurationPlatforms) = postSolution
		{E8398EF3-EA31-48D2-A3A6-BBD538675D1A}.Debug|Any CPU.ActiveCfg = Debug|Any CPU
		{E8398EF3-EA31-48D2-A3A6-BBD538675D1A}.Debug|Any CPU.Build.0 = Debug|Any CPU
		{E8398EF3-EA31-48D2-A3A6-BBD538675D1A}.Release|Any CPU.ActiveCfg = Release|Any CPU
		{E8398EF3-EA31-48D2-A3A6-BBD538675D1A}.Release|Any CPU.Build.0 = Release|Any CPU
	EndGlobalSection
	GlobalSection(SolutionProperties) = preSolution
		HideSolutionNode = FALSE
	EndGlobalSection
	GlobalSection(ExtensibilityGlobals) = postSolution
		SolutionGuid = {2F070E58-8423-4AEC-B810-F52C9B1A3266}
	EndGlobalSection
EndGlobal
